
Microsoft Visual Studio Solution File, Format Version 12.00
# Visual Studio 14
VisualStudioVersion = 14.0.23107.0
MinimumVisualStudioVersion = 10.0.40219.1
Project("{FAE04EC0-301F-11D3-BF4B-00C04F79EFBC}") = "CommonJS", "CommonJS\CommonJS.csproj", "{3C0CC031-5946-4FCE-83CF-B58B20D099EE}"
EndProject
Global
	GlobalSection(SolutionConfigurationPlatforms) = preSolution
		Debug|Any CPU = Debug|Any CPU
		Release|Any CPU = Release|Any CPU
	EndGlobalSection
	GlobalSection(ProjectConfigurationPlatforms) = postSolution
		{3C0CC031-5946-4FCE-83CF-B58B20D099EE}.Debug|Any CPU.ActiveCfg = Debug|Any CPU
		{3C0CC031-5946-4FCE-83CF-B58B20D099EE}.Debug|Any CPU.Build.0 = Debug|Any CPU
		{3C0CC031-5946-4FCE-83CF-B58B20D099EE}.Release|Any CPU.ActiveCfg = Release|Any CPU
		{3C0CC031-5946-4FCE-83CF-B58B20D099EE}.Release|Any CPU.Build.0 = Release|Any CPU
	EndGlobalSection
	GlobalSection(SolutionProperties) = preSolution
		HideSolutionNode = FALSE
	EndGlobalSection
EndGlobal
